
Microsoft Visual Studio Solution File, Format Version 12.00
# Visual Studio Version 17
VisualStudioVersion = 17.6.33815.320
MinimumVisualStudioVersion = 10.0.40219.1
Project("{FAE04EC0-301F-11D3-BF4B-00C04F79EFBC}") = "TryParseConvert2", "TryParseConvert2.csproj", "{7CE7E729-E2F7-4798-8914-D27B2551BBBB}"
EndProject
Global
	GlobalSection(SolutionConfigurationPlatforms) = preSolution
		Debug|Any CPU = Debug|Any CPU
		Release|Any CPU = Release|Any CPU
	EndGlobalSection
	GlobalSection(ProjectConfigurationPlatforms) = postSolution
		{7CE7E729-E2F7-4798-8914-D27B2551BBBB}.Debug|Any CPU.ActiveCfg = Debug|Any CPU
		{7CE7E729-E2F7-4798-8914-D27B2551BBBB}.Debug|Any CPU.Build.0 = Debug|Any CPU
		{7CE7E729-E2F7-4798-8914-D27B2551BBBB}.Release|Any CPU.ActiveCfg = Release|Any CPU
		{7CE7E729-E2F7-4798-8914-D27B2551BBBB}.Release|Any CPU.Build.0 = Release|Any CPU
	EndGlobalSection
	GlobalSection(SolutionProperties) = preSolution
		HideSolutionNode = FALSE
	EndGlobalSection
	GlobalSection(ExtensibilityGlobals) = postSolution
		SolutionGuid = {6C4A244F-B61C-4478-BA8A-CF4F09AD50BD}
	EndGlobalSection
EndGlobal
